
Microsoft Visual Studio Solution File, Format Version 12.00
# Visual Studio Version 17
VisualStudioVersion = 17.8.34525.116
MinimumVisualStudioVersion = 10.0.40219.1
Project("{9A19103F-16F7-4668-BE54-9A1E7A4F7556}") = "NeuedaLambda", "NeuedaLambda.csproj", "{8EA4253C-F3E6-4214-AB51-7A9F2B3D66FE}"
EndProject
Global
	GlobalSection(SolutionConfigurationPlatforms) = preSolution
		Debug|Any CPU = Debug|Any CPU
		Release|Any CPU = Release|Any CPU
	EndGlobalSection
	GlobalSection(ProjectConfigurationPlatforms) = postSolution
		{8EA4253C-F3E6-4214-AB51-7A9F2B3D66FE}.Debug|Any CPU.ActiveCfg = Debug|Any CPU
		{8EA4253C-F3E6-4214-AB51-7A9F2B3D66FE}.Debug|Any CPU.Build.0 = Debug|Any CPU
		{8EA4253C-F3E6-4214-AB51-7A9F2B3D66FE}.Release|Any CPU.ActiveCfg = Release|Any CPU
		{8EA4253C-F3E6-4214-AB51-7A9F2B3D66FE}.Release|Any CPU.Build.0 = Release|Any CPU
	EndGlobalSection
	GlobalSection(SolutionProperties) = preSolution
		HideSolutionNode = FALSE
	EndGlobalSection
	GlobalSection(ExtensibilityGlobals) = postSolution
		SolutionGuid = {24A124DF-3843-4B7F-A6EC-D3FEDBC8FAE1}
	EndGlobalSection
EndGlobal
